// !$*UTF8*$!
{
	archiveVersion = 1;
	classes = {
	};
	objectVersion = 56;
	objects = {

/* Begin PBXBuildFile section */
		46C21E20297EA98300185D96 /* AppDelegate.swift in Sources */ = {isa = PBXBuildFile; fileRef = 46C21E1F297EA98300185D96 /* AppDelegate.swift */; };
		46C21E22297EA98300185D96 /* SceneDelegate.swift in Sources */ = {isa = PBXBuildFile; fileRef = 46C21E21297EA98300185D96 /* SceneDelegate.swift */; };
		46C21E24297EA98300185D96 /* ViewController.swift in Sources */ = {isa = PBXBuildFile; fileRef = 46C21E23297EA98300185D96 /* ViewController.swift */; };
		46C21E27297EA98300185D96 /* Main.storyboard in Resources */ = {isa = PBXBuildFile; fileRef = 46C21E25297EA98300185D96 /* Main.storyboard */; };
		46C21E29297EA98500185D96 /* Assets.xcassets in Resources */ = {isa = PBXBuildFile; fileRef = 46C21E28297EA98500185D96 /* Assets.xcassets */; };
		46C21E2C297EA98500185D96 /* LaunchScreen.storyboard in Resources */ = {isa = PBXBuildFile; fileRef = 46C21E2A297EA98500185D96 /* LaunchScreen.storyboard */; };
		6EA65211D3F1690214A47592 /* Pods_UserDefaultsExample.framework in Frameworks */ = {isa = PBXBuildFile; fileRef = 190F3455EB0675E55A6D12D2 /* Pods_UserDefaultsExample.framework */; };
/* End PBXBuildFile section */

/* Begin PBXFileReference section */
		190F3455EB0675E55A6D12D2 /* Pods_UserDefaultsExample.framework */ = {isa = PBXFileReference; explicitFileType = wrapper.framework; includeInIndex = 0; path = Pods_UserDefaultsExample.framework; sourceTree = BUILT_PRODUCTS_DIR; };
		46C21E1C297EA98300185D96 /* UserDefaultsExample.app */ = {isa = PBXFileReference; explicitFileType = wrapper.application; includeInIndex = 0; path = UserDefaultsExample.app; sourceTree = BUILT_PRODUCTS_DIR; };
		46C21E1F297EA98300185D96 /* AppDelegate.swift */ = {isa = PBXFileReference; lastKnownFileType = sourcecode.swift; path = AppDelegate.swift; sourceTree = "<group>"; };
		46C21E21297EA98300185D96 /* SceneDelegate.swift */ = {isa = PBXFileReference; lastKnownFileType = sourcecode.swift; path = SceneDelegate.swift; sourceTree = "<group>"; };
		46C21E23297EA98300185D96 /* ViewController.swift */ = {isa = PBXFileReference; lastKnownFileType = sourcecode.swift; path = ViewController.swift; sourceTree = "<group>"; };
		46C21E26297EA98300185D96 /* Base */ = {isa = PBXFileReference; lastKnownFileType = file.storyboard; name = Base; path = Base.lproj/Main.storyboard; sourceTree = "<group>"; };
		46C21E28297EA98500185D96 /* Assets.xcassets */ = {isa = PBXFileReference; lastKnownFileType = folder.assetcatalog; path = Assets.xcassets; sourceTree = "<group>"; };
		46C21E2B297EA98500185D96 /* Base */ = {isa = PBXFileReference; lastKnownFileType = file.storyboard; name = Base; path = Base.lproj/LaunchScreen.storyboard; sourceTree = "<group>"; };
		46C21E2D297EA98500185D96 /* Info.plist */ = {isa = PBXFileReference; lastKnownFileType = text.plist.xml; path = Info.plist; sourceTree = "<group>"; };
		517C3F853E3F0C0B68CE2A59 /* Pods-UserDefaultsExample.release.xcconfig */ = {isa = PBXFileReference; includeInIndex = 1; lastKnownFileType = text.xcconfig; name = "Pods-UserDefaultsExample.release.xcconfig"; path = "Target Support Files/Pods-UserDefaultsExample/Pods-UserDefaultsExample.release.xcconfig"; sourceTree = "<group>"; };
		E41E00789991F40BAED8C3C5 /* Pods-UserDefaultsExample.debug.xcconfig */ = {isa = PBXFileReference; includeInIndex = 1; lastKnownFileType = text.xcconfig; name = "Pods-UserDefaultsExample.debug.xcconfig"; path = "Target Support Files/Pods-UserDefaultsExample/Pods-UserDefaultsExample.debug.xcconfig"; sourceTree = "<group>"; };
/* End PBXFileReference section */

/* Begin PBXFrameworksBuildPhase section */
		46C21E19297EA98300185D96 /* Frameworks */ = {
			isa = PBXFrameworksBuildPhase;
			buildActionMask = 2147483647;
			files = (
				6EA65211D3F1690214A47592 /* Pods_UserDefaultsExample.framework in Frameworks */,
			);
			runOnlyForDeploymentPostprocessing = 0;
		};
/* End PBXFrameworksBuildPhase section */

/* Begin PBXGroup section */
		46C21E13297EA98300185D96 = {
			isa = PBXGroup;
			children = (
				46C21E1E297EA98300185D96 /* UserDefaultsExample */,
				46C21E1D297EA98300185D96 /* Products */,
				BBE28FAC7D850C376B1836D6 /* Pods */,
				ACABE3165A878852B1E85DCC /* Frameworks */,
			);
			sourceTree = "<group>";
		};
		46C21E1D297EA98300185D96 /* Products */ = {
			isa = PBXGroup;
			children = (
				46C21E1C297EA98300185D96 /* UserDefaultsExample.app */,
			);
			name = Products;
			sourceTree = "<group>";
		};
		46C21E1E297EA98300185D96 /* UserDefaultsExample */ = {
			isa = PBXGroup;
			children = (
				46C21E1F297EA98300185D96 /* AppDelegate.swift */,
				46C21E21297EA98300185D96 /* SceneDelegate.swift */,
				46C21E23297EA98300185D96 /* ViewController.swift */,
				46C21E25297EA98300185D96 /* Main.storyboard */,
				46C21E28297EA98500185D96 /* Assets.xcassets */,
				46C21E2A297EA98500185D96 /* LaunchScreen.storyboard */,
				46C21E2D297EA98500185D96 /* Info.plist */,
			);
			path = UserDefaultsExample;
			sourceTree = "<group>";
		};
		ACABE3165A878852B1E85DCC /* Frameworks */ = {
			isa = PBXGroup;
			children = (
				190F3455EB0675E55A6D12D2 /* Pods_UserDefaultsExample.framework */,
			);
			name = Frameworks;
			sourceTree = "<group>";
		};
		BBE28FAC7D850C376B1836D6 /* Pods */ = {
			isa = PBXGroup;
			children = (
				E41E00789991F40BAED8C3C5 /* Pods-UserDefaultsExample.debug.xcconfig */,
				517C3F853E3F0C0B68CE2A59 /* Pods-UserDefaultsExample.release.xcconfig */,
			);
			path = Pods;
			sourceTree = "<group>";
		};
/* End PBXGroup section */

/* Begin PBXNativeTarget section */
		46C21E1B297EA98300185D96 /* UserDefaultsExample */ = {
			isa = PBXNativeTarget;
			buildConfigurationList = 46C21E30297EA98500185D96 /* Build configuration list for PBXNativeTarget "UserDefaultsExample" */;
			buildPhases = (
				077DFCE4883B1904196623B9 /* [CP] Check Pods Manifest.lock */,
				46C21E18297EA98300185D96 /* Sources */,
				46C21E19297EA98300185D96 /* Frameworks */,
				46C21E1A297EA98300185D96 /* Resources */,
			);
			buildRules = (
			);
			dependencies = (
			);
			name = UserDefaultsExample;
			productName = UserDefaultsExample;
			productReference = 46C21E1C297EA98300185D96 /* UserDefaultsExample.app */;
			productType = "com.apple.product-type.application";
		};
/* End PBXNativeTarget section */

/* Begin PBXProject section */
		46C21E14297EA98300185D96 /* Project object */ = {
			isa = PBXProject;
			attributes = {
				BuildIndependentTargetsInParallel = 1;
				LastSwiftUpdateCheck = 1400;
				LastUpgradeCheck = 1400;
				TargetAttributes = {
					46C21E1B297EA98300185D96 = {
						CreatedOnToolsVersion = 14.0;
					};
				};
			};
			buildConfigurationList = 46C21E17297EA98300185D96 /* Build configuration list for PBXProject "UserDefaultsExample" */;
			compatibilityVersion = "Xcode 14.0";
			developmentRegion = en;
			hasScannedForEncodings = 0;
			knownRegions = (
				en,
				Base,
			);
			mainGroup = 46C21E13297EA98300185D96;
			productRefGroup = 46C21E1D297EA98300185D96 /* Products */;
			projectDirPath = "";
			projectRoot = "";
			targets = (
				46C21E1B297EA98300185D96 /* UserDefaultsExample */,
			);
		};
/* End PBXProject section */

/* Begin PBXResourcesBuildPhase section */
		46C21E1A297EA98300185D96 /* Resources */ = {
			isa = PBXResourcesBuildPhase;
			buildActionMask = 2147483647;
			files = (
				46C21E2C297EA98500185D96 /* LaunchScreen.storyboard in Resources */,
				46C21E29297EA98500185D96 /* Assets.xcassets in Resources */,
				46C21E27297EA98300185D96 /* Main.storyboard in Resources */,
			);
			runOnlyForDeploymentPostprocessing = 0;
		};
/* End PBXResourcesBuildPhase section */

/* Begin PBXShellScriptBuildPhase section */
		077DFCE4883B1904196623B9 /* [CP] Check Pods Manifest.lock */ = {
			isa = PBXShellScriptBuildPhase;
			buildActionMask = 2147483647;
			files = (
			);
			inputFileListPaths = (
			);
			inputPaths = (
				"${PODS_PODFILE_DIR_PATH}/Podfile.lock",
				"${PODS_ROOT}/Manifest.lock",
			);
			name = "[CP] Check Pods Manifest.lock";
			outputFileListPaths = (
			);
			outputPaths = (
				"$(DERIVED_FILE_DIR)/Pods-UserDefaultsExample-checkManifestLockResult.txt",
			);
			runOnlyForDeploymentPostprocessing = 0;
			shellPath = /bin/sh;
			shellScript = "diff \"${PODS_PODFILE_DIR_PATH}/Podfile.lock\" \"${PODS_ROOT}/Manifest.lock\" > /dev/null\nif [ $? != 0 ] ; then\n    # print error to STDERR\n    echo \"error: The sandbox is not in sync with the Podfile.lock. Run 'pod install' or update your CocoaPods installation.\" >&2\n    exit 1\nfi\n# This output is used by Xcode 'outputs' to avoid re-running this script phase.\necho \"SUCCESS\" > \"${SCRIPT_OUTPUT_FILE_0}\"\n";
			showEnvVarsInLog = 0;
		};
/* End PBXShellScriptBuildPhase section */

/* Begin PBXSourcesBuildPhase section */
		46C21E18297EA98300185D96 /* Sources */ = {
			isa = PBXSourcesBuildPhase;
			buildActionMask = 2147483647;
			files = (
				46C21E24297EA98300185D96 /* ViewController.swift in Sources */,
				46C21E20297EA98300185D96 /* AppDelegate.swift in Sources */,
				46C21E22297EA98300185D96 /* SceneDelegate.swift in Sources */,
			);
			runOnlyForDeploymentPostprocessing = 0;
		};
/* End PBXSourcesBuildPhase section */

/* Begin PBXVariantGroup section */
		46C21E25297EA98300185D96 /* Main.storyboard */ = {
			isa = PBXVariantGroup;
			children = (
				46C21E26297EA98300185D96 /* Base */,
			);
			name = Main.storyboard;
			sourceTree = "<group>";
		};
		46C21E2A297EA98500185D96 /* LaunchScreen.storyboard */ = {
			isa = PBXVariantGroup;
			children = (
				46C21E2B297EA98500185D96 /* Base */,
			);
			name = LaunchScreen.storyboard;
			sourceTree = "<group>";
		};
/* End PBXVariantGroup section */

/* Begin XCBuildConfiguration section */
		46C21E2E297EA98500185D96 /* Debug */ = {
			isa = XCBuildConfiguration;
			buildSettings = {
				ALWAYS_SEARCH_USER_PATHS = NO;
				CLANG_ANALYZER_NONNULL = YES;
				CLANG_ANALYZER_NUMBER_OBJECT_CONVERSION = YES_AGGRESSIVE;
				CLANG_CXX_LANGUAGE_STANDARD = "gnu++20";
				CLANG_ENABLE_MODULES = YES;
				CLANG_ENABLE_OBJC_ARC = YES;
				CLANG_ENABLE_OBJC_WEAK = YES;
				CLANG_WARN_BLOCK_CAPTURE_AUTORELEASING = YES;
				CLANG_WARN_BOOL_CONVERSION = YES;
				CLANG_WARN_COMMA = YES;
				CLANG_WARN_CONSTANT_CONVERSION = YES;
				CLANG_WARN_DEPRECATED_OBJC_IMPLEMENTATIONS = YES;
				CLANG_WARN_DIRECT_OBJC_ISA_USAGE = YES_ERROR;
				CLANG_WARN_DOCUMENTATION_COMMENTS = YES;
				CLANG_WARN_EMPTY_BODY = YES;
				CLANG_WARN_ENUM_CONVERSION = YES;
				CLANG_WARN_INFINITE_RECURSION = YES;
				CLANG_WARN_INT_CONVERSION = YES;
				CLANG_WARN_NON_LITERAL_NULL_CONVERSION = YES;
				CLANG_WARN_OBJC_IMPLICIT_RETAIN_SELF = YES;
				CLANG_WARN_OBJC_LITERAL_CONVERSION = YES;
				CLANG_WARN_OBJC_ROOT_CLASS = YES_ERROR;
				CLANG_WARN_QUOTED_INCLUDE_IN_FRAMEWORK_HEADER = YES;
				CLANG_WARN_RANGE_LOOP_ANALYSIS = YES;
				CLANG_WARN_STRICT_PROTOTYPES = YES;
				CLANG_WARN_SUSPICIOUS_MOVE = YES;
				CLANG_WARN_UNGUARDED_AVAILABILITY = YES_AGGRESSIVE;
				CLANG_WARN_UNREACHABLE_CODE = YES;
				CLANG_WARN__DUPLICATE_METHOD_MATCH = YES;
				COPY_PHASE_STRIP = NO;
				DEBUG_INFORMATION_FORMAT = dwarf;
				ENABLE_STRICT_OBJC_MSGSEND = YES;
				ENABLE_TESTABILITY = YES;
				GCC_C_LANGUAGE_STANDARD = gnu11;
				GCC_DYNAMIC_NO_PIC = NO;
				GCC_NO_COMMON_BLOCKS = YES;
				GCC_OPTIMIZATION_LEVEL = 0;
				GCC_PREPROCESSOR_DEFINITIONS = (
					"DEBUG=1",
					"$(inherited)",
				);
				GCC_WARN_64_TO_32_BIT_CONVERSION = YES;
				GCC_WARN_ABOUT_RETURN_TYPE = YES_ERROR;
				GCC_WARN_UNDECLARED_SELECTOR = YES;
				GCC_WARN_UNINITIALIZED_AUTOS = YES_AGGRESSIVE;
				GCC_WARN_UNUSED_FUNCTION = YES;
				GCC_WARN_UNUSED_VARIABLE = YES;
				IPHONEOS_DEPLOYMENT_TARGET = 16.0;
				MTL_ENABLE_DEBUG_INFO = INCLUDE_SOURCE;
				MTL_FAST_MATH = YES;
				ONLY_ACTIVE_ARCH = YES;
				SDKROOT = iphoneos;
				SWIFT_ACTIVE_COMPILATION_CONDITIONS = DEBUG;
				SWIFT_OPTIMIZATION_LEVEL = "-Onone";
			};
			name = Debug;
		};
		46C21E2F297EA98500185D96 /* Release */ = {
			isa = XCBuildConfiguration;
			buildSettings = {
				ALWAYS_SEARCH_USER_PATHS = NO;
				CLANG_ANALYZER_NONNULL = YES;
				CLANG_ANALYZER_NUMBER_OBJECT_CONVERSION = YES_AGGRESSIVE;
				CLANG_CXX_LANGUAGE_STANDARD = "gnu++20";
				CLANG_ENABLE_MODULES = YES;
				CLANG_ENABLE_OBJC_ARC = YES;
				CLANG_ENABLE_OBJC_WEAK = YES;
				CLANG_WARN_BLOCK_CAPTURE_AUTORELEASING = YES;
				CLANG_WARN_BOOL_CONVERSION = YES;
				CLANG_WARN_COMMA = YES;
				CLANG_WARN_CONSTANT_CONVERSION = YES;
				CLANG_WARN_DEPRECATED_OBJC_IMPLEMENTATIONS = YES;
				CLANG_WARN_DIRECT_OBJC_ISA_USAGE = YES_ERROR;
				CLANG_WARN_DOCUMENTATION_COMMENTS = YES;
				CLANG_WARN_EMPTY_BODY = YES;
				CLANG_WARN_ENUM_CONVERSION = YES;
				CLANG_WARN_INFINITE_RECURSION = YES;
				CLANG_WARN_INT_CONVERSION = YES;
				CLANG_WARN_NON_LITERAL_NULL_CONVERSION = YES;
				CLANG_WARN_OBJC_IMPLICIT_RETAIN_SELF = YES;
				CLANG_WARN_OBJC_LITERAL_CONVERSION = YES;
				CLANG_WARN_OBJC_ROOT_CLASS = YES_ERROR;
				CLANG_WARN_QUOTED_INCLUDE_IN_FRAMEWORK_HEADER = YES;
				CLANG_WARN_RANGE_LOOP_ANALYSIS = YES;
				CLANG_WARN_STRICT_PROTOTYPES = YES;
				CLANG_WARN_SUSPICIOUS_MOVE = YES;
				CLANG_WARN_UNGUARDED_AVAILABILITY = YES_AGGRESSIVE;
				CLANG_WARN_UNREACHABLE_CODE = YES;
				CLANG_WARN__DUPLICATE_METHOD_MATCH = YES;
				COPY_PHASE_STRIP = NO;
				DEBUG_INFORMATION_FORMAT = "dwarf-with-dsym";
				ENABLE_NS_ASSERTIONS = NO;
				ENABLE_STRICT_OBJC_MSGSEND = YES;
				GCC_C_LANGUAGE_STANDARD = gnu11;
				GCC_NO_COMMON_BLOCKS = YES;
				GCC_WARN_64_TO_32_BIT_CONVERSION = YES;
				GCC_WARN_ABOUT_RETURN_TYPE = YES_ERROR;
				GCC_WARN_UNDECLARED_SELECTOR = YES;
				GCC_WARN_UNINITIALIZED_AUTOS = YES_AGGRESSIVE;
				GCC_WARN_UNUSED_FUNCTION = YES;
				GCC_WARN_UNUSED_VARIABLE = YES;
				IPHONEOS_DEPLOYMENT_TARGET = 16.0;
				MTL_ENABLE_DEBUG_INFO = NO;
				MTL_FAST_MATH = YES;
				SDKROOT = iphoneos;
				SWIFT_COMPILATION_MODE = wholemodule;
				SWIFT_OPTIMIZATION_LEVEL = "-O";
				VALIDATE_PRODUCT = YES;
			};
			name = Release;
		};
		46C21E31297EA98500185D96 /* Debug */ = {
			isa = XCBuildConfiguration;
			baseConfigurationReference = E41E00789991F40BAED8C3C5 /* Pods-UserDefaultsExample.debug.xcconfig */;
			buildSettings = {
				ASSETCATALOG_COMPILER_APPICON_NAME = AppIcon;
				ASSETCATALOG_COMPILER_GLOBAL_ACCENT_COLOR_NAME = AccentColor;
				CODE_SIGN_STYLE = Automatic;
				CURRENT_PROJECT_VERSION = 1;
				DEVELOPMENT_TEAM = Z9YRXTUVC6;
				GENERATE_INFOPLIST_FILE = YES;
				INFOPLIST_FILE = UserDefaultsExample/Info.plist;
				INFOPLIST_KEY_UIApplicationSupportsIndirectInputEvents = YES;
				INFOPLIST_KEY_UILaunchStoryboardName = LaunchScreen;
				INFOPLIST_KEY_UIMainStoryboardFile = Main;
				INFOPLIST_KEY_UISupportedInterfaceOrientations_iPad = "UIInterfaceOrientationPortrait UIInterfaceOrientationPortraitUpsideDown UIInterfaceOrientationLandscapeLeft UIInterfaceOrientationLandscapeRight";
				INFOPLIST_KEY_UISupportedInterfaceOrientations_iPhone = "UIInterfaceOrientationPortrait UIInterfaceOrientationLandscapeLeft UIInterfaceOrientationLandscapeRight";
				LD_RUNPATH_SEARCH_PATHS = (
					"$(inherited)",
					"@executable_path/Frameworks",
				);
				MARKETING_VERSION = 1.0;
				PRODUCT_BUNDLE_IDENTIFIER = com.asad.UserDefaultsExample;
				PRODUCT_NAME = "$(TARGET_NAME)";
				SWIFT_EMIT_LOC_STRINGS = YES;
				SWIFT_VERSION = 5.0;
				TARGETED_DEVICE_FAMILY = "1,2";
			};
			name = Debug;
		};
		46C21E32297EA98500185D96 /* Release */ = {
			isa = XCBuildConfiguration;
			baseConfigurationReference = 517C3F853E3F0C0B68CE2A59 /* Pods-UserDefaultsExample.release.xcconfig */;
			buildSettings = {
				ASSETCATALOG_COMPILER_APPICON_NAME = AppIcon;
				ASSETCATALOG_COMPILER_GLOBAL_ACCENT_COLOR_NAME = AccentColor;
				CODE_SIGN_STYLE = Automatic;
				CURRENT_PROJECT_VERSION = 1;
				DEVELOPMENT_TEAM = Z9YRXTUVC6;
				GENERATE_INFOPLIST_FILE = YES;
				INFOPLIST_FILE = UserDefaultsExample/Info.plist;
				INFOPLIST_KEY_UIApplicationSupportsIndirectInputEvents = YES;
				INFOPLIST_KEY_UILaunchStoryboardName = LaunchScreen;
				INFOPLIST_KEY_UIMainStoryboardFile = Main;
				INFOPLIST_KEY_UISupportedInterfaceOrientations_iPad = "UIInterfaceOrientationPortrait UIInterfaceOrientationPortraitUpsideDown UIInterfaceOrientationLandscapeLeft UIInterfaceOrientationLandscapeRight";
				INFOPLIST_KEY_UISupportedInterfaceOrientations_iPhone = "UIInterfaceOrientationPortrait UIInterfaceOrientationLandscapeLeft UIInterfaceOrientationLandscapeRight";
				LD_RUNPATH_SEARCH_PATHS = (
					"$(inherited)",
					"@executable_path/Frameworks",
				);
				MARKETING_VERSION = 1.0;
				PRODUCT_BUNDLE_IDENTIFIER = com.asad.UserDefaultsExample;
				PRODUCT_NAME = "$(TARGET_NAME)";
				SWIFT_EMIT_LOC_STRINGS = YES;
				SWIFT_VERSION = 5.0;
				TARGETED_DEVICE_FAMILY = "1,2";
			};
			name = Release;
		};
/* End XCBuildConfiguration section */

/* Begin XCConfigurationList section */
		46C21E17297EA98300185D96 /* Build configuration list for PBXProject "UserDefaultsExample" */ = {
			isa = XCConfigurationList;
			buildConfigurations = (
				46C21E2E297EA98500185D96 /* Debug */,
				46C21E2F297EA98500185D96 /* Release */,
			);
			defaultConfigurationIsVisible = 0;
			defaultConfigurationName = Release;
		};
		46C21E30297EA98500185D96 /* Build configuration list for PBXNativeTarget "UserDefaultsExample" */ = {
			isa = XCConfigurationList;
			buildConfigurations = (
				46C21E31297EA98500185D96 /* Debug */,
				46C21E32297EA98500185D96 /* Release */,
			);
			defaultConfigurationIsVisible = 0;
			defaultConfigurationName = Release;
		};
/* End XCConfigurationList section */
	};
	rootObject = 46C21E14297EA98300185D96 /* Project object */;
}
